
Microsoft Visual Studio Solution File, Format Version 12.00
# Visual Studio Version 17
VisualStudioVersion = 17.6.33723.286
MinimumVisualStudioVersion = 10.0.40219.1
Project("{9A19103F-16F7-4668-BE54-9A1E7A4F7556}") = "LibraryAPI", "Library API\Library.API\LibraryAPI.csproj", "{EDF7FADE-C446-41B2-8ECF-29BAB95722B6}"
EndProject
Project("{9A19103F-16F7-4668-BE54-9A1E7A4F7556}") = "LibraryBot", "LibraryBot\LibraryBot\LibraryBot.csproj", "{AD8101B4-57BF-487C-8833-A8937989B3AB}"
EndProject
Project("{54A90642-561A-4BB1-A94E-469ADEE60C69}") = "LibraryApp", "LibraryApp\LibraryApp.esproj", "{8F25A501-5C7E-4AF1-89B6-010B4069950C}"
EndProject
Global
	GlobalSection(SolutionConfigurationPlatforms) = preSolution
		Debug|Any CPU = Debug|Any CPU
		Release|Any CPU = Release|Any CPU
	EndGlobalSection
	GlobalSection(ProjectConfigurationPlatforms) = postSolution
		{EDF7FADE-C446-41B2-8ECF-29BAB95722B6}.Debug|Any CPU.ActiveCfg = Debug|Any CPU
		{EDF7FADE-C446-41B2-8ECF-29BAB95722B6}.Debug|Any CPU.Build.0 = Debug|Any CPU
		{EDF7FADE-C446-41B2-8ECF-29BAB95722B6}.Release|Any CPU.ActiveCfg = Release|Any CPU
		{EDF7FADE-C446-41B2-8ECF-29BAB95722B6}.Release|Any CPU.Build.0 = Release|Any CPU
		{AD8101B4-57BF-487C-8833-A8937989B3AB}.Debug|Any CPU.ActiveCfg = Debug|Any CPU
		{AD8101B4-57BF-487C-8833-A8937989B3AB}.Debug|Any CPU.Build.0 = Debug|Any CPU
		{AD8101B4-57BF-487C-8833-A8937989B3AB}.Release|Any CPU.ActiveCfg = Release|Any CPU
		{AD8101B4-57BF-487C-8833-A8937989B3AB}.Release|Any CPU.Build.0 = Release|Any CPU
		{8F25A501-5C7E-4AF1-89B6-010B4069950C}.Debug|Any CPU.ActiveCfg = Debug|Any CPU
		{8F25A501-5C7E-4AF1-89B6-010B4069950C}.Debug|Any CPU.Build.0 = Debug|Any CPU
		{8F25A501-5C7E-4AF1-89B6-010B4069950C}.Debug|Any CPU.Deploy.0 = Debug|Any CPU
		{8F25A501-5C7E-4AF1-89B6-010B4069950C}.Release|Any CPU.ActiveCfg = Release|Any CPU
		{8F25A501-5C7E-4AF1-89B6-010B4069950C}.Release|Any CPU.Build.0 = Release|Any CPU
		{8F25A501-5C7E-4AF1-89B6-010B4069950C}.Release|Any CPU.Deploy.0 = Release|Any CPU
	EndGlobalSection
	GlobalSection(SolutionProperties) = preSolution
		HideSolutionNode = FALSE
	EndGlobalSection
	GlobalSection(ExtensibilityGlobals) = postSolution
		SolutionGuid = {12A577A6-5E86-4095-8489-52610BFB1ACE}
	EndGlobalSection
EndGlobal
